
Microsoft Visual Studio Solution File, Format Version 12.00
# Visual Studio Version 16
VisualStudioVersion = 16.0.31515.178
MinimumVisualStudioVersion = 10.0.40219.1
Project("{9A19103F-16F7-4668-BE54-9A1E7A4F7556}") = "GETWAYAPI", "GETWAYAPI\GETWAYAPI.csproj", "{19941B80-26A5-4728-B072-8F0091A26480}"
EndProject
Project("{2150E333-8FDC-42A3-9474-1A3956D46DE8}") = "SERVICES", "SERVICES", "{97F012FD-CE6F-4EAB-9B30-1C90E879830D}"
EndProject
Project("{2150E333-8FDC-42A3-9474-1A3956D46DE8}") = "CUSTOMER", "CUSTOMER", "{082CC6B6-5CFE-44DF-8410-BCC9EC8BD90D}"
EndProject
Project("{2150E333-8FDC-42A3-9474-1A3956D46DE8}") = "ORDER", "ORDER", "{CA5D7106-2202-4390-845C-FCE75F235196}"
EndProject
Project("{9A19103F-16F7-4668-BE54-9A1E7A4F7556}") = "APICUSTOMER", "APICUSTOMER\APICUSTOMER.csproj", "{1206B7B3-EC34-46AA-8798-93FEED60CBBB}"
EndProject
Project("{9A19103F-16F7-4668-BE54-9A1E7A4F7556}") = "APIORDER", "APIORDER\APIORDER.csproj", "{92502AE9-770C-4489-ADD8-E432F1E144BA}"
EndProject
Global
	GlobalSection(SolutionConfigurationPlatforms) = preSolution
		Debug|Any CPU = Debug|Any CPU
		Release|Any CPU = Release|Any CPU
	EndGlobalSection
	GlobalSection(ProjectConfigurationPlatforms) = postSolution
		{19941B80-26A5-4728-B072-8F0091A26480}.Debug|Any CPU.ActiveCfg = Debug|Any CPU
		{19941B80-26A5-4728-B072-8F0091A26480}.Debug|Any CPU.Build.0 = Debug|Any CPU
		{19941B80-26A5-4728-B072-8F0091A26480}.Release|Any CPU.ActiveCfg = Release|Any CPU
		{19941B80-26A5-4728-B072-8F0091A26480}.Release|Any CPU.Build.0 = Release|Any CPU
		{1206B7B3-EC34-46AA-8798-93FEED60CBBB}.Debug|Any CPU.ActiveCfg = Debug|Any CPU
		{1206B7B3-EC34-46AA-8798-93FEED60CBBB}.Debug|Any CPU.Build.0 = Debug|Any CPU
		{1206B7B3-EC34-46AA-8798-93FEED60CBBB}.Release|Any CPU.ActiveCfg = Release|Any CPU
		{1206B7B3-EC34-46AA-8798-93FEED60CBBB}.Release|Any CPU.Build.0 = Release|Any CPU
		{92502AE9-770C-4489-ADD8-E432F1E144BA}.Debug|Any CPU.ActiveCfg = Debug|Any CPU
		{92502AE9-770C-4489-ADD8-E432F1E144BA}.Debug|Any CPU.Build.0 = Debug|Any CPU
		{92502AE9-770C-4489-ADD8-E432F1E144BA}.Release|Any CPU.ActiveCfg = Release|Any CPU
		{92502AE9-770C-4489-ADD8-E432F1E144BA}.Release|Any CPU.Build.0 = Release|Any CPU
	EndGlobalSection
	GlobalSection(SolutionProperties) = preSolution
		HideSolutionNode = FALSE
	EndGlobalSection
	GlobalSection(NestedProjects) = preSolution
		{082CC6B6-5CFE-44DF-8410-BCC9EC8BD90D} = {97F012FD-CE6F-4EAB-9B30-1C90E879830D}
		{CA5D7106-2202-4390-845C-FCE75F235196} = {97F012FD-CE6F-4EAB-9B30-1C90E879830D}
		{1206B7B3-EC34-46AA-8798-93FEED60CBBB} = {082CC6B6-5CFE-44DF-8410-BCC9EC8BD90D}
		{92502AE9-770C-4489-ADD8-E432F1E144BA} = {CA5D7106-2202-4390-845C-FCE75F235196}
	EndGlobalSection
	GlobalSection(ExtensibilityGlobals) = postSolution
		SolutionGuid = {7E7ECAAD-6B26-420D-B6D1-EDDFBD15AD51}
	EndGlobalSection
EndGlobal
